{
  "version": 4,
  "terraform_version": "1.5.7",
  "serial": 5,
  "lineage": "2015387e-37dc-a12b-8a5d-7e61613a3514",
  "outputs": {
    "redis_endpoint": {
      "value": "mini-lambda-redis.pbdkl2.0001.aps1.cache.amazonaws.com",
      "type": "string"
    },
    "s3_bucket_name": {
      "value": "mini-lambda-storage-20260228134417281800000001",
      "type": "string"
    }
  },
  "resources": [
    {
      "mode": "data",
      "type": "aws_security_group",
      "name": "eks_nodes",
      "provider": "provider[\"registry.terraform.io/hashicorp/aws\"]",
      "instances": [
        {
          "schema_version": 0,
          "attributes": {
            "arn": "arn:aws:ec2:ap-south-1:975050298024:security-group/sg-014992cd081e414e5",
            "description": "Communication between all nodes in the cluster",
            "filter": null,
            "id": "sg-014992cd081e414e5",
            "name": "eksctl-mini-lambda-prod-cluster-ClusterSharedNodeSecurityGroup-ktuMO5DcFUpW",
            "region": "ap-south-1",
            "tags": {
              "Environment": "Production",
              "Name": "eksctl-mini-lambda-prod-cluster/ClusterSharedNodeSecurityGroup",
              "Project": "Mini-Lambda",
              "alpha.eksctl.io/cluster-name": "mini-lambda-prod",
              "alpha.eksctl.io/cluster-oidc-enabled": "true",
              "alpha.eksctl.io/eksctl-version": "0.223.0",
              "eksctl.cluster.k8s.io/v1alpha1/cluster-name": "mini-lambda-prod"
            },
            "timeouts": null,
            "vpc_id": "vpc-0c66c795a3969dd03"
          },
          "sensitive_attributes": []
        }
      ]
    },
    {
      "mode": "data",
      "type": "aws_subnets",
      "name": "private",
      "provider": "provider[\"registry.terraform.io/hashicorp/aws\"]",
      "instances": [
        {
          "schema_version": 0,
          "attributes": {
            "filter": [
              {
                "name": "vpc-id",
                "values": [
                  "vpc-0c66c795a3969dd03"
                ]
              }
            ],
            "id": "ap-south-1",
            "ids": [
              "subnet-0702ead546bdf489d",
              "subnet-044c8bc90e24a7933",
              "subnet-0b276e1061f3d2a16"
            ],
            "region": "ap-south-1",
            "tags": {
              "kubernetes.io/role/internal-elb": "1"
            },
            "timeouts": null
          },
          "sensitive_attributes": []
        }
      ]
    },
    {
      "mode": "data",
      "type": "aws_vpc",
      "name": "eks_vpc",
      "provider": "provider[\"registry.terraform.io/hashicorp/aws\"]",
      "instances": [
        {
          "schema_version": 0,
          "attributes": {
            "arn": "arn:aws:ec2:ap-south-1:975050298024:vpc/vpc-0c66c795a3969dd03",
            "cidr_block": "192.168.0.0/16",
            "cidr_block_associations": [
              {
                "association_id": "vpc-cidr-assoc-01539793cf80f268a",
                "cidr_block": "192.168.0.0/16",
                "state": "associated"
              }
            ],
            "default": false,
            "dhcp_options_id": "dopt-05c981f68aa103000",
            "enable_dns_hostnames": true,
            "enable_dns_support": true,
            "enable_network_address_usage_metrics": false,
            "filter": null,
            "id": "vpc-0c66c795a3969dd03",
            "instance_tenancy": "default",
            "ipv6_association_id": "",
            "ipv6_cidr_block": "",
            "main_route_table_id": "rtb-0b387851c7c93e283",
            "owner_id": "975050298024",
            "region": "ap-south-1",
            "state": null,
            "tags": {
              "Environment": "Production",
              "Name": "eksctl-mini-lambda-prod-cluster/VPC",
              "Project": "Mini-Lambda",
              "alpha.eksctl.io/cluster-name": "mini-lambda-prod",
              "alpha.eksctl.io/cluster-oidc-enabled": "true",
              "alpha.eksctl.io/eksctl-version": "0.223.0",
              "eksctl.cluster.k8s.io/v1alpha1/cluster-name": "mini-lambda-prod"
            },
            "timeouts": null
          },
          "sensitive_attributes": []
        }
      ]
    },
    {
      "mode": "managed",
      "type": "aws_elasticache_cluster",
      "name": "redis",
      "provider": "provider[\"registry.terraform.io/hashicorp/aws\"]",
      "instances": [
        {
          "schema_version": 0,
          "attributes": {
            "apply_immediately": null,
            "arn": "arn:aws:elasticache:ap-south-1:975050298024:cluster:mini-lambda-redis",
            "auto_minor_version_upgrade": "true",
            "availability_zone": "ap-south-1c",
            "az_mode": "single-az",
            "cache_nodes": [
              {
                "address": "mini-lambda-redis.pbdkl2.0001.aps1.cache.amazonaws.com",
                "availability_zone": "ap-south-1c",
                "id": "0001",
                "outpost_arn": "",
                "port": 6379
              }
            ],
            "cluster_address": null,
            "cluster_id": "mini-lambda-redis",
            "configuration_endpoint": null,
            "engine": "redis",
            "engine_version": "7.1",
            "engine_version_actual": "7.1.0",
            "final_snapshot_identifier": null,
            "id": "mini-lambda-redis",
            "ip_discovery": "ipv4",
            "log_delivery_configuration": [],
            "maintenance_window": "tue:21:00-tue:22:00",
            "network_type": "ipv4",
            "node_type": "cache.t4g.micro",
            "notification_topic_arn": null,
            "num_cache_nodes": 1,
            "outpost_mode": null,
            "parameter_group_name": "default.redis7",
            "port": 6379,
            "preferred_availability_zones": null,
            "preferred_outpost_arn": "",
            "region": "ap-south-1",
            "replication_group_id": "",
            "security_group_ids": [
              "sg-0b548aac1a172312b"
            ],
            "snapshot_arns": null,
            "snapshot_name": null,
            "snapshot_retention_limit": 0,
            "snapshot_window": "23:00-00:00",
            "subnet_group_name": "mini-lambda-cache-subnets",
            "tags": null,
            "tags_all": {},
            "timeouts": null,
            "transit_encryption_enabled": false
          },
          "sensitive_attributes": [],
          "private": "eyJlMmJmYjczMC1lY2FhLTExZTYtOGY4OC0zNDM2M2JjN2M0YzAiOnsiY3JlYXRlIjoyNDAwMDAwMDAwMDAwLCJkZWxldGUiOjI0MDAwMDAwMDAwMDAsInVwZGF0ZSI6NDgwMDAwMDAwMDAwMH19",
          "dependencies": [
            "aws_elasticache_subnet_group.main",
            "aws_security_group.managed_services",
            "data.aws_security_group.eks_nodes",
            "data.aws_subnets.private",
            "data.aws_vpc.eks_vpc"
          ]
        }
      ]
    },
    {
      "mode": "managed",
      "type": "aws_elasticache_subnet_group",
      "name": "main",
      "provider": "provider[\"registry.terraform.io/hashicorp/aws\"]",
      "instances": [
        {
          "schema_version": 0,
          "attributes": {
            "arn": "arn:aws:elasticache:ap-south-1:975050298024:subnetgroup:mini-lambda-cache-subnets",
            "description": "Managed by Terraform",
            "id": "mini-lambda-cache-subnets",
            "name": "mini-lambda-cache-subnets",
            "region": "ap-south-1",
            "subnet_ids": [
              "subnet-044c8bc90e24a7933",
              "subnet-0702ead546bdf489d",
              "subnet-0b276e1061f3d2a16"
            ],
            "tags": null,
            "tags_all": {},
            "vpc_id": "vpc-0c66c795a3969dd03"
          },
          "sensitive_attributes": [],
          "private": "bnVsbA==",
          "dependencies": [
            "data.aws_subnets.private"
          ]
        }
      ]
    },
    {
      "mode": "managed",
      "type": "aws_s3_bucket",
      "name": "lambda_storage",
      "provider": "provider[\"registry.terraform.io/hashicorp/aws\"]",
      "instances": [
        {
          "schema_version": 0,
          "attributes": {
            "acceleration_status": "",
            "acl": null,
            "arn": "arn:aws:s3:::mini-lambda-storage-20260228134417281800000001",
            "bucket": "mini-lambda-storage-20260228134417281800000001",
            "bucket_domain_name": "mini-lambda-storage-20260228134417281800000001.s3.amazonaws.com",
            "bucket_prefix": "mini-lambda-storage-",
            "bucket_region": "ap-south-1",
            "bucket_regional_domain_name": "mini-lambda-storage-20260228134417281800000001.s3.ap-south-1.amazonaws.com",
            "cors_rule": [],
            "force_destroy": false,
            "grant": [
              {
                "id": "326ab54de677082d7fbcc7a0f28bbf6b5ee6a64bd816367efefbc8265cca41df",
                "permissions": [
                  "FULL_CONTROL"
                ],
                "type": "CanonicalUser",
                "uri": ""
              }
            ],
            "hosted_zone_id": "Z11RGJOFQNVJUP",
            "id": "mini-lambda-storage-20260228134417281800000001",
            "lifecycle_rule": [],
            "logging": [],
            "object_lock_configuration": [],
            "object_lock_enabled": false,
            "policy": "",
            "region": "ap-south-1",
            "replication_configuration": [],
            "request_payer": "BucketOwner",
            "server_side_encryption_configuration": [
              {
                "rule": [
                  {
                    "apply_server_side_encryption_by_default": [
                      {
                        "kms_master_key_id": "",
                        "sse_algorithm": "AES256"
                      }
                    ],
                    "bucket_key_enabled": false
                  }
                ]
              }
            ],
            "tags": null,
            "tags_all": {},
            "timeouts": null,
            "versioning": [
              {
                "enabled": false,
                "mfa_delete": false
              }
            ],
            "website": [],
            "website_domain": null,
            "website_endpoint": null
          },
          "sensitive_attributes": [],
          "private": "eyJlMmJmYjczMC1lY2FhLTExZTYtOGY4OC0zNDM2M2JjN2M0YzAiOnsiY3JlYXRlIjoxMjAwMDAwMDAwMDAwLCJkZWxldGUiOjM2MDAwMDAwMDAwMDAsInJlYWQiOjEyMDAwMDAwMDAwMDAsInVwZGF0ZSI6MTIwMDAwMDAwMDAwMH19"
        }
      ]
    },
    {
      "mode": "managed",
      "type": "aws_security_group",
      "name": "managed_services",
      "provider": "provider[\"registry.terraform.io/hashicorp/aws\"]",
      "instances": [
        {
          "schema_version": 1,
          "attributes": {
            "arn": "arn:aws:ec2:ap-south-1:975050298024:security-group/sg-0b548aac1a172312b",
            "description": "Managed by Terraform",
            "egress": [],
            "id": "sg-0b548aac1a172312b",
            "ingress": [
              {
                "cidr_blocks": [],
                "description": "",
                "from_port": 5432,
                "ipv6_cidr_blocks": [],
                "prefix_list_ids": [],
                "protocol": "tcp",
                "security_groups": [
                  "sg-014992cd081e414e5"
                ],
                "self": false,
                "to_port": 5432
              },
              {
                "cidr_blocks": [],
                "description": "",
                "from_port": 6379,
                "ipv6_cidr_blocks": [],
                "prefix_list_ids": [],
                "protocol": "tcp",
                "security_groups": [
                  "sg-014992cd081e414e5"
                ],
                "self": false,
                "to_port": 6379
              }
            ],
            "name": "mini-lambda-managed-sg-20260228134417281800000002",
            "name_prefix": "mini-lambda-managed-sg-",
            "owner_id": "975050298024",
            "region": "ap-south-1",
            "revoke_rules_on_delete": false,
            "tags": null,
            "tags_all": {},
            "timeouts": null,
            "vpc_id": "vpc-0c66c795a3969dd03"
          },
          "sensitive_attributes": [],
          "private": "eyJlMmJmYjczMC1lY2FhLTExZTYtOGY4OC0zNDM2M2JjN2M0YzAiOnsiY3JlYXRlIjo2MDAwMDAwMDAwMDAsImRlbGV0ZSI6OTAwMDAwMDAwMDAwfSwic2NoZW1hX3ZlcnNpb24iOiIxIn0=",
          "dependencies": [
            "data.aws_security_group.eks_nodes",
            "data.aws_vpc.eks_vpc"
          ]
        }
      ]
    }
  ],
  "check_results": null
}
